
Microsoft Visual Studio Solution File, Format Version 12.00
# Visual Studio Version 17
VisualStudioVersion = 17.3.32825.248
MinimumVisualStudioVersion = 10.0.40219.1
Project("{9A19103F-16F7-4668-BE54-9A1E7A4F7556}") = "InsuranceCompany", "InsuranceCompany\InsuranceCompany.csproj", "{19CE1AA5-2528-49AE-B6DD-6194CD9E871E}"
EndProject
Project("{9A19103F-16F7-4668-BE54-9A1E7A4F7556}") = "InsuranceCompany.Core", "InsuranceCompany.Core\InsuranceCompany.Core.csproj", "{6539E322-1B49-4526-9AF2-7B42D82D4B06}"
EndProject
Project("{9A19103F-16F7-4668-BE54-9A1E7A4F7556}") = "InsuranceCompany.Shared", "InsuranceCompany.Shared\InsuranceCompany.Shared.csproj", "{AEB3C6DA-0E26-41E1-9386-3A26071B9AEA}"
EndProject
Project("{9A19103F-16F7-4668-BE54-9A1E7A4F7556}") = "InsuranceCompany.Infrastructure", "InsuranceCompany.Infrastructure\InsuranceCompany.Infrastructure.csproj", "{0DC3E658-8D06-43B7-82C3-9E564A2BBDBA}"
EndProject
Project("{9A19103F-16F7-4668-BE54-9A1E7A4F7556}") = "InsuranceCompany.Cqrs", "InsuranceCompany.Cqrs\InsuranceCompany.Cqrs.csproj", "{04A35EB1-6A2A-4774-9D10-E57CA18CAEB6}"
EndProject
Project("{FAE04EC0-301F-11D3-BF4B-00C04F79EFBC}") = "InsuranceCompany.MobileClient.Android", "InsuranceCompany.MobileClient\InsuranceCompany.MobileClient.Android\InsuranceCompany.MobileClient.Android.csproj", "{09564A57-3E56-4CD3-8EE5-620465282149}"
EndProject
Project("{FAE04EC0-301F-11D3-BF4B-00C04F79EFBC}") = "InsuranceCompany.MobileClient.iOS", "InsuranceCompany.MobileClient\InsuranceCompany.MobileClient.iOS\InsuranceCompany.MobileClient.iOS.csproj", "{FC1CD35C-F9AA-49C2-A539-6DD4E771E8E2}"
EndProject
Project("{FAE04EC0-301F-11D3-BF4B-00C04F79EFBC}") = "InsuranceCompany.MobileClient", "InsuranceCompany.MobileClient\InsuranceCompany.MobileClient\InsuranceCompany.MobileClient.csproj", "{ACD9C8BE-1FB3-4DF4-A11F-19AD886395DD}"
EndProject
Global
	GlobalSection(SolutionConfigurationPlatforms) = preSolution
		Debug|Any CPU = Debug|Any CPU
		Debug|iPhone = Debug|iPhone
		Debug|iPhoneSimulator = Debug|iPhoneSimulator
		Release|Any CPU = Release|Any CPU
		Release|iPhone = Release|iPhone
		Release|iPhoneSimulator = Release|iPhoneSimulator
	EndGlobalSection
	GlobalSection(ProjectConfigurationPlatforms) = postSolution
		{19CE1AA5-2528-49AE-B6DD-6194CD9E871E}.Debug|Any CPU.ActiveCfg = Debug|Any CPU
		{19CE1AA5-2528-49AE-B6DD-6194CD9E871E}.Debug|Any CPU.Build.0 = Debug|Any CPU
		{19CE1AA5-2528-49AE-B6DD-6194CD9E871E}.Debug|iPhone.ActiveCfg = Debug|Any CPU
		{19CE1AA5-2528-49AE-B6DD-6194CD9E871E}.Debug|iPhone.Build.0 = Debug|Any CPU
		{19CE1AA5-2528-49AE-B6DD-6194CD9E871E}.Debug|iPhoneSimulator.ActiveCfg = Debug|Any CPU
		{19CE1AA5-2528-49AE-B6DD-6194CD9E871E}.Debug|iPhoneSimulator.Build.0 = Debug|Any CPU
		{19CE1AA5-2528-49AE-B6DD-6194CD9E871E}.Release|Any CPU.ActiveCfg = Release|Any CPU
		{19CE1AA5-2528-49AE-B6DD-6194CD9E871E}.Release|Any CPU.Build.0 = Release|Any CPU
		{19CE1AA5-2528-49AE-B6DD-6194CD9E871E}.Release|iPhone.ActiveCfg = Release|Any CPU
		{19CE1AA5-2528-49AE-B6DD-6194CD9E871E}.Release|iPhone.Build.0 = Release|Any CPU
		{19CE1AA5-2528-49AE-B6DD-6194CD9E871E}.Release|iPhoneSimulator.ActiveCfg = Release|Any CPU
		{19CE1AA5-2528-49AE-B6DD-6194CD9E871E}.Release|iPhoneSimulator.Build.0 = Release|Any CPU
		{6539E322-1B49-4526-9AF2-7B42D82D4B06}.Debug|Any CPU.ActiveCfg = Debug|Any CPU
		{6539E322-1B49-4526-9AF2-7B42D82D4B06}.Debug|Any CPU.Build.0 = Debug|Any CPU
		{6539E322-1B49-4526-9AF2-7B42D82D4B06}.Debug|iPhone.ActiveCfg = Debug|Any CPU
		{6539E322-1B49-4526-9AF2-7B42D82D4B06}.Debug|iPhone.Build.0 = Debug|Any CPU
		{6539E322-1B49-4526-9AF2-7B42D82D4B06}.Debug|iPhoneSimulator.ActiveCfg = Debug|Any CPU
		{6539E322-1B49-4526-9AF2-7B42D82D4B06}.Debug|iPhoneSimulator.Build.0 = Debug|Any CPU
		{6539E322-1B49-4526-9AF2-7B42D82D4B06}.Release|Any CPU.ActiveCfg = Release|Any CPU
		{6539E322-1B49-4526-9AF2-7B42D82D4B06}.Release|Any CPU.Build.0 = Release|Any CPU
		{6539E322-1B49-4526-9AF2-7B42D82D4B06}.Release|iPhone.ActiveCfg = Release|Any CPU
		{6539E322-1B49-4526-9AF2-7B42D82D4B06}.Release|iPhone.Build.0 = Release|Any CPU
		{6539E322-1B49-4526-9AF2-7B42D82D4B06}.Release|iPhoneSimulator.ActiveCfg = Release|Any CPU
		{6539E322-1B49-4526-9AF2-7B42D82D4B06}.Release|iPhoneSimulator.Build.0 = Release|Any CPU
		{AEB3C6DA-0E26-41E1-9386-3A26071B9AEA}.Debug|Any CPU.ActiveCfg = Debug|Any CPU
		{AEB3C6DA-0E26-41E1-9386-3A26071B9AEA}.Debug|Any CPU.Build.0 = Debug|Any CPU
		{AEB3C6DA-0E26-41E1-9386-3A26071B9AEA}.Debug|iPhone.ActiveCfg = Debug|Any CPU
		{AEB3C6DA-0E26-41E1-9386-3A26071B9AEA}.Debug|iPhone.Build.0 = Debug|Any CPU
		{AEB3C6DA-0E26-41E1-9386-3A26071B9AEA}.Debug|iPhoneSimulator.ActiveCfg = Debug|Any CPU
		{AEB3C6DA-0E26-41E1-9386-3A26071B9AEA}.Debug|iPhoneSimulator.Build.0 = Debug|Any CPU
		{AEB3C6DA-0E26-41E1-9386-3A26071B9AEA}.Release|Any CPU.ActiveCfg = Release|Any CPU
		{AEB3C6DA-0E26-41E1-9386-3A26071B9AEA}.Release|Any CPU.Build.0 = Release|Any CPU
		{AEB3C6DA-0E26-41E1-9386-3A26071B9AEA}.Release|iPhone.ActiveCfg = Release|Any CPU
		{AEB3C6DA-0E26-41E1-9386-3A26071B9AEA}.Release|iPhone.Build.0 = Release|Any CPU
		{AEB3C6DA-0E26-41E1-9386-3A26071B9AEA}.Release|iPhoneSimulator.ActiveCfg = Release|Any CPU
		{AEB3C6DA-0E26-41E1-9386-3A26071B9AEA}.Release|iPhoneSimulator.Build.0 = Release|Any CPU
		{0DC3E658-8D06-43B7-82C3-9E564A2BBDBA}.Debug|Any CPU.ActiveCfg = Debug|Any CPU
		{0DC3E658-8D06-43B7-82C3-9E564A2BBDBA}.Debug|Any CPU.Build.0 = Debug|Any CPU
		{0DC3E658-8D06-43B7-82C3-9E564A2BBDBA}.Debug|iPhone.ActiveCfg = Debug|Any CPU
		{0DC3E658-8D06-43B7-82C3-9E564A2BBDBA}.Debug|iPhone.Build.0 = Debug|Any CPU
		{0DC3E658-8D06-43B7-82C3-9E564A2BBDBA}.Debug|iPhoneSimulator.ActiveCfg = Debug|Any CPU
		{0DC3E658-8D06-43B7-82C3-9E564A2BBDBA}.Debug|iPhoneSimulator.Build.0 = Debug|Any CPU
		{0DC3E658-8D06-43B7-82C3-9E564A2BBDBA}.Release|Any CPU.ActiveCfg = Release|Any CPU
		{0DC3E658-8D06-43B7-82C3-9E564A2BBDBA}.Release|Any CPU.Build.0 = Release|Any CPU
		{0DC3E658-8D06-43B7-82C3-9E564A2BBDBA}.Release|iPhone.ActiveCfg = Release|Any CPU
		{0DC3E658-8D06-43B7-82C3-9E564A2BBDBA}.Release|iPhone.Build.0 = Release|Any CPU
		{0DC3E658-8D06-43B7-82C3-9E564A2BBDBA}.Release|iPhoneSimulator.ActiveCfg = Release|Any CPU
		{0DC3E658-8D06-43B7-82C3-9E564A2BBDBA}.Release|iPhoneSimulator.Build.0 = Release|Any CPU
		{04A35EB1-6A2A-4774-9D10-E57CA18CAEB6}.Debug|Any CPU.ActiveCfg = Debug|Any CPU
		{04A35EB1-6A2A-4774-9D10-E57CA18CAEB6}.Debug|Any CPU.Build.0 = Debug|Any CPU
		{04A35EB1-6A2A-4774-9D10-E57CA18CAEB6}.Debug|iPhone.ActiveCfg = Debug|Any CPU
		{04A35EB1-6A2A-4774-9D10-E57CA18CAEB6}.Debug|iPhone.Build.0 = Debug|Any CPU
		{04A35EB1-6A2A-4774-9D10-E57CA18CAEB6}.Debug|iPhoneSimulator.ActiveCfg = Debug|Any CPU
		{04A35EB1-6A2A-4774-9D10-E57CA18CAEB6}.Debug|iPhoneSimulator.Build.0 = Debug|Any CPU
		{04A35EB1-6A2A-4774-9D10-E57CA18CAEB6}.Release|Any CPU.ActiveCfg = Release|Any CPU
		{04A35EB1-6A2A-4774-9D10-E57CA18CAEB6}.Release|Any CPU.Build.0 = Release|Any CPU
		{04A35EB1-6A2A-4774-9D10-E57CA18CAEB6}.Release|iPhone.ActiveCfg = Release|Any CPU
		{04A35EB1-6A2A-4774-9D10-E57CA18CAEB6}.Release|iPhone.Build.0 = Release|Any CPU
		{04A35EB1-6A2A-4774-9D10-E57CA18CAEB6}.Release|iPhoneSimulator.ActiveCfg = Release|Any CPU
		{04A35EB1-6A2A-4774-9D10-E57CA18CAEB6}.Release|iPhoneSimulator.Build.0 = Release|Any CPU
		{09564A57-3E56-4CD3-8EE5-620465282149}.Debug|Any CPU.ActiveCfg = Debug|Any CPU
		{09564A57-3E56-4CD3-8EE5-620465282149}.Debug|Any CPU.Build.0 = Debug|Any CPU
		{09564A57-3E56-4CD3-8EE5-620465282149}.Debug|Any CPU.Deploy.0 = Debug|Any CPU
		{09564A57-3E56-4CD3-8EE5-620465282149}.Debug|iPhone.ActiveCfg = Debug|Any CPU
		{09564A57-3E56-4CD3-8EE5-620465282149}.Debug|iPhone.Build.0 = Debug|Any CPU
		{09564A57-3E56-4CD3-8EE5-620465282149}.Debug|iPhone.Deploy.0 = Debug|Any CPU
		{09564A57-3E56-4CD3-8EE5-620465282149}.Debug|iPhoneSimulator.ActiveCfg = Debug|Any CPU
		{09564A57-3E56-4CD3-8EE5-620465282149}.Debug|iPhoneSimulator.Build.0 = Debug|Any CPU
		{09564A57-3E56-4CD3-8EE5-620465282149}.Debug|iPhoneSimulator.Deploy.0 = Debug|Any CPU
		{09564A57-3E56-4CD3-8EE5-620465282149}.Release|Any CPU.ActiveCfg = Release|Any CPU
		{09564A57-3E56-4CD3-8EE5-620465282149}.Release|Any CPU.Build.0 = Release|Any CPU
		{09564A57-3E56-4CD3-8EE5-620465282149}.Release|Any CPU.Deploy.0 = Release|Any CPU
		{09564A57-3E56-4CD3-8EE5-620465282149}.Release|iPhone.ActiveCfg = Release|Any CPU
		{09564A57-3E56-4CD3-8EE5-620465282149}.Release|iPhone.Build.0 = Release|Any CPU
		{09564A57-3E56-4CD3-8EE5-620465282149}.Release|iPhone.Deploy.0 = Release|Any CPU
		{09564A57-3E56-4CD3-8EE5-620465282149}.Release|iPhoneSimulator.ActiveCfg = Release|Any CPU
		{09564A57-3E56-4CD3-8EE5-620465282149}.Release|iPhoneSimulator.Build.0 = Release|Any CPU
		{09564A57-3E56-4CD3-8EE5-620465282149}.Release|iPhoneSimulator.Deploy.0 = Release|Any CPU
		{FC1CD35C-F9AA-49C2-A539-6DD4E771E8E2}.Debug|Any CPU.ActiveCfg = Debug|iPhoneSimulator
		{FC1CD35C-F9AA-49C2-A539-6DD4E771E8E2}.Debug|Any CPU.Build.0 = Debug|iPhoneSimulator
		{FC1CD35C-F9AA-49C2-A539-6DD4E771E8E2}.Debug|iPhone.ActiveCfg = Debug|iPhone
		{FC1CD35C-F9AA-49C2-A539-6DD4E771E8E2}.Debug|iPhone.Build.0 = Debug|iPhone
		{FC1CD35C-F9AA-49C2-A539-6DD4E771E8E2}.Debug|iPhoneSimulator.ActiveCfg = Debug|iPhoneSimulator
		{FC1CD35C-F9AA-49C2-A539-6DD4E771E8E2}.Debug|iPhoneSimulator.Build.0 = Debug|iPhoneSimulator
		{FC1CD35C-F9AA-49C2-A539-6DD4E771E8E2}.Release|Any CPU.ActiveCfg = Release|iPhoneSimulator
		{FC1CD35C-F9AA-49C2-A539-6DD4E771E8E2}.Release|Any CPU.Build.0 = Release|iPhoneSimulator
		{FC1CD35C-F9AA-49C2-A539-6DD4E771E8E2}.Release|iPhone.ActiveCfg = Release|iPhone
		{FC1CD35C-F9AA-49C2-A539-6DD4E771E8E2}.Release|iPhone.Build.0 = Release|iPhone
		{FC1CD35C-F9AA-49C2-A539-6DD4E771E8E2}.Release|iPhoneSimulator.ActiveCfg = Release|iPhoneSimulator
		{FC1CD35C-F9AA-49C2-A539-6DD4E771E8E2}.Release|iPhoneSimulator.Build.0 = Release|iPhoneSimulator
		{ACD9C8BE-1FB3-4DF4-A11F-19AD886395DD}.Debug|Any CPU.ActiveCfg = Debug|Any CPU
		{ACD9C8BE-1FB3-4DF4-A11F-19AD886395DD}.Debug|Any CPU.Build.0 = Debug|Any CPU
		{ACD9C8BE-1FB3-4DF4-A11F-19AD886395DD}.Debug|iPhone.ActiveCfg = Debug|Any CPU
		{ACD9C8BE-1FB3-4DF4-A11F-19AD886395DD}.Debug|iPhone.Build.0 = Debug|Any CPU
		{ACD9C8BE-1FB3-4DF4-A11F-19AD886395DD}.Debug|iPhoneSimulator.ActiveCfg = Debug|Any CPU
		{ACD9C8BE-1FB3-4DF4-A11F-19AD886395DD}.Debug|iPhoneSimulator.Build.0 = Debug|Any CPU
		{ACD9C8BE-1FB3-4DF4-A11F-19AD886395DD}.Release|Any CPU.ActiveCfg = Release|Any CPU
		{ACD9C8BE-1FB3-4DF4-A11F-19AD886395DD}.Release|Any CPU.Build.0 = Release|Any CPU
		{ACD9C8BE-1FB3-4DF4-A11F-19AD886395DD}.Release|iPhone.ActiveCfg = Release|Any CPU
		{ACD9C8BE-1FB3-4DF4-A11F-19AD886395DD}.Release|iPhone.Build.0 = Release|Any CPU
		{ACD9C8BE-1FB3-4DF4-A11F-19AD886395DD}.Release|iPhoneSimulator.ActiveCfg = Release|Any CPU
		{ACD9C8BE-1FB3-4DF4-A11F-19AD886395DD}.Release|iPhoneSimulator.Build.0 = Release|Any CPU
	EndGlobalSection
	GlobalSection(SolutionProperties) = preSolution
		HideSolutionNode = FALSE
	EndGlobalSection
	GlobalSection(ExtensibilityGlobals) = postSolution
		SolutionGuid = {F375EE1B-B956-4F6A-9B02-FA829486B9E3}
	EndGlobalSection
EndGlobal
